
Microsoft Visual Studio Solution File, Format Version 12.00
# Visual Studio Version 16
VisualStudioVersion = 16.0.31727.386
MinimumVisualStudioVersion = 10.0.40219.1
Project("{FAE04EC0-301F-11D3-BF4B-00C04F79EFBC}") = "EQD2Converter", "EQD2Converter.csproj", "{CEE30CDD-E864-4EC0-9F11-F070B578F782}"
EndProject
Global
	GlobalSection(SolutionConfigurationPlatforms) = preSolution
		Debug|Any CPU = Debug|Any CPU
		Debug|x64 = Debug|x64
		Release|Any CPU = Release|Any CPU
		Release|x64 = Release|x64
	EndGlobalSection
	GlobalSection(ProjectConfigurationPlatforms) = postSolution
		{CEE30CDD-E864-4EC0-9F11-F070B578F782}.Debug|Any CPU.ActiveCfg = Release|Any CPU
		{CEE30CDD-E864-4EC0-9F11-F070B578F782}.Debug|Any CPU.Build.0 = Release|Any CPU
		{CEE30CDD-E864-4EC0-9F11-F070B578F782}.Debug|x64.ActiveCfg = Release|x64
		{CEE30CDD-E864-4EC0-9F11-F070B578F782}.Debug|x64.Build.0 = Release|x64
		{CEE30CDD-E864-4EC0-9F11-F070B578F782}.Release|Any CPU.ActiveCfg = Release|Any CPU
		{CEE30CDD-E864-4EC0-9F11-F070B578F782}.Release|Any CPU.Build.0 = Release|Any CPU
		{CEE30CDD-E864-4EC0-9F11-F070B578F782}.Release|x64.ActiveCfg = Release|x64
		{CEE30CDD-E864-4EC0-9F11-F070B578F782}.Release|x64.Build.0 = Release|x64
	EndGlobalSection
	GlobalSection(SolutionProperties) = preSolution
		HideSolutionNode = FALSE
	EndGlobalSection
	GlobalSection(ExtensibilityGlobals) = postSolution
		SolutionGuid = {4D3F2A92-0A47-4676-B27A-94EC90E3D80C}
	EndGlobalSection
EndGlobal
